
Microsoft Visual Studio Solution File, Format Version 12.00
# Visual Studio Version 17
VisualStudioVersion = 17.4.33205.214
MinimumVisualStudioVersion = 10.0.40219.1
Project("{FAE04EC0-301F-11D3-BF4B-00C04F79EFBC}") = "TaskS2-S3", "TaskS2-S3\TaskS2-S3.csproj", "{61BA9E98-245C-4C8A-880F-CFB74CCE5F24}"
EndProject
Project("{FAE04EC0-301F-11D3-BF4B-00C04F79EFBC}") = "TastS2.8", "TastS2.8\TastS2.8.csproj", "{F3FE1816-69D6-4C13-9AC7-75D249A5847C}"
EndProject
Project("{FAE04EC0-301F-11D3-BF4B-00C04F79EFBC}") = "S.2.9", "S.2.8\S.2.9.csproj", "{923BAFFD-29B5-47DD-8665-DB4D759EC46E}"
EndProject
Project("{FAE04EC0-301F-11D3-BF4B-00C04F79EFBC}") = "S.2.10", "S.2.10\S.2.10.csproj", "{3D1223E5-4B88-4E12-A000-7C9BA225E400}"
EndProject
Project("{FAE04EC0-301F-11D3-BF4B-00C04F79EFBC}") = "S.2.11", "S.2.11\S.2.11.csproj", "{7695339F-5D53-4B73-9F8A-0F15593B8C00}"
EndProject
Project("{FAE04EC0-301F-11D3-BF4B-00C04F79EFBC}") = "S.2.12", "S.2.12\S.2.12.csproj", "{470A9D1C-A4BB-452F-9891-52DD9E2746B5}"
EndProject
Project("{FAE04EC0-301F-11D3-BF4B-00C04F79EFBC}") = "S.2.13", "S.2.13\S.2.13.csproj", "{043296BB-ECE9-4F89-ABFD-B3E8AC13B6B3}"
EndProject
Project("{FAE04EC0-301F-11D3-BF4B-00C04F79EFBC}") = "S.2.14", "S.2.14\S.2.14.csproj", "{7DA8B06F-A189-42EC-BBD0-8B65DB2AF5DD}"
EndProject
Global
	GlobalSection(SolutionConfigurationPlatforms) = preSolution
		Debug|Any CPU = Debug|Any CPU
		Release|Any CPU = Release|Any CPU
	EndGlobalSection
	GlobalSection(ProjectConfigurationPlatforms) = postSolution
		{61BA9E98-245C-4C8A-880F-CFB74CCE5F24}.Debug|Any CPU.ActiveCfg = Debug|Any CPU
		{61BA9E98-245C-4C8A-880F-CFB74CCE5F24}.Debug|Any CPU.Build.0 = Debug|Any CPU
		{61BA9E98-245C-4C8A-880F-CFB74CCE5F24}.Release|Any CPU.ActiveCfg = Release|Any CPU
		{61BA9E98-245C-4C8A-880F-CFB74CCE5F24}.Release|Any CPU.Build.0 = Release|Any CPU
		{F3FE1816-69D6-4C13-9AC7-75D249A5847C}.Debug|Any CPU.ActiveCfg = Debug|Any CPU
		{F3FE1816-69D6-4C13-9AC7-75D249A5847C}.Debug|Any CPU.Build.0 = Debug|Any CPU
		{F3FE1816-69D6-4C13-9AC7-75D249A5847C}.Release|Any CPU.ActiveCfg = Release|Any CPU
		{F3FE1816-69D6-4C13-9AC7-75D249A5847C}.Release|Any CPU.Build.0 = Release|Any CPU
		{923BAFFD-29B5-47DD-8665-DB4D759EC46E}.Debug|Any CPU.ActiveCfg = Debug|Any CPU
		{923BAFFD-29B5-47DD-8665-DB4D759EC46E}.Debug|Any CPU.Build.0 = Debug|Any CPU
		{923BAFFD-29B5-47DD-8665-DB4D759EC46E}.Release|Any CPU.ActiveCfg = Release|Any CPU
		{923BAFFD-29B5-47DD-8665-DB4D759EC46E}.Release|Any CPU.Build.0 = Release|Any CPU
		{3D1223E5-4B88-4E12-A000-7C9BA225E400}.Debug|Any CPU.ActiveCfg = Debug|Any CPU
		{3D1223E5-4B88-4E12-A000-7C9BA225E400}.Debug|Any CPU.Build.0 = Debug|Any CPU
		{3D1223E5-4B88-4E12-A000-7C9BA225E400}.Release|Any CPU.ActiveCfg = Release|Any CPU
		{3D1223E5-4B88-4E12-A000-7C9BA225E400}.Release|Any CPU.Build.0 = Release|Any CPU
		{7695339F-5D53-4B73-9F8A-0F15593B8C00}.Debug|Any CPU.ActiveCfg = Debug|Any CPU
		{7695339F-5D53-4B73-9F8A-0F15593B8C00}.Debug|Any CPU.Build.0 = Debug|Any CPU
		{7695339F-5D53-4B73-9F8A-0F15593B8C00}.Release|Any CPU.ActiveCfg = Release|Any CPU
		{7695339F-5D53-4B73-9F8A-0F15593B8C00}.Release|Any CPU.Build.0 = Release|Any CPU
		{470A9D1C-A4BB-452F-9891-52DD9E2746B5}.Debug|Any CPU.ActiveCfg = Debug|Any CPU
		{470A9D1C-A4BB-452F-9891-52DD9E2746B5}.Debug|Any CPU.Build.0 = Debug|Any CPU
		{470A9D1C-A4BB-452F-9891-52DD9E2746B5}.Release|Any CPU.ActiveCfg = Release|Any CPU
		{470A9D1C-A4BB-452F-9891-52DD9E2746B5}.Release|Any CPU.Build.0 = Release|Any CPU
		{043296BB-ECE9-4F89-ABFD-B3E8AC13B6B3}.Debug|Any CPU.ActiveCfg = Debug|Any CPU
		{043296BB-ECE9-4F89-ABFD-B3E8AC13B6B3}.Debug|Any CPU.Build.0 = Debug|Any CPU
		{043296BB-ECE9-4F89-ABFD-B3E8AC13B6B3}.Release|Any CPU.ActiveCfg = Release|Any CPU
		{043296BB-ECE9-4F89-ABFD-B3E8AC13B6B3}.Release|Any CPU.Build.0 = Release|Any CPU
		{7DA8B06F-A189-42EC-BBD0-8B65DB2AF5DD}.Debug|Any CPU.ActiveCfg = Debug|Any CPU
		{7DA8B06F-A189-42EC-BBD0-8B65DB2AF5DD}.Debug|Any CPU.Build.0 = Debug|Any CPU
		{7DA8B06F-A189-42EC-BBD0-8B65DB2AF5DD}.Release|Any CPU.ActiveCfg = Release|Any CPU
		{7DA8B06F-A189-42EC-BBD0-8B65DB2AF5DD}.Release|Any CPU.Build.0 = Release|Any CPU
	EndGlobalSection
	GlobalSection(SolutionProperties) = preSolution
		HideSolutionNode = FALSE
	EndGlobalSection
	GlobalSection(ExtensibilityGlobals) = postSolution
		SolutionGuid = {E53EDF65-7DF4-4F80-9A1C-604639B9F862}
	EndGlobalSection
EndGlobal
